// !$*UTF8*$!
{
	archiveVersion = 1;
	classes = {
	};
	objectVersion = 46;
	objects = {

/* Begin PBXBuildFile section */
		9B27F9B5193815D7009139C1 /* Icon-120.png in Resources */ = {isa = PBXBuildFile; fileRef = 9B27F9B4193815D7009139C1 /* Icon-120.png */; };
		9B4611961936FF6D00C157D1 /* Foundation.framework in Frameworks */ = {isa = PBXBuildFile; fileRef = 9B4611951936FF6D00C157D1 /* Foundation.framework */; };
		9B4611981936FF6D00C157D1 /* CoreGraphics.framework in Frameworks */ = {isa = PBXBuildFile; fileRef = 9B4611971936FF6D00C157D1 /* CoreGraphics.framework */; };
		9B46119A1936FF6D00C157D1 /* UIKit.framework in Frameworks */ = {isa = PBXBuildFile; fileRef = 9B4611991936FF6D00C157D1 /* UIKit.framework */; };
		9B4611A21936FF6D00C157D1 /* main.m in Sources */ = {isa = PBXBuildFile; fileRef = 9B4611A11936FF6D00C157D1 /* main.m */; };
		9B4611A61936FF6D00C157D1 /* WCAppDelegate.m in Sources */ = {isa = PBXBuildFile; fileRef = 9B4611A51936FF6D00C157D1 /* WCAppDelegate.m */; };
		9B4611AC1936FF6D00C157D1 /* WCViewController.m in Sources */ = {isa = PBXBuildFile; fileRef = 9B4611AB1936FF6D00C157D1 /* WCViewController.m */; };
		9B4611B51936FF6D00C157D1 /* XCTest.framework in Frameworks */ = {isa = PBXBuildFile; fileRef = 9B4611B41936FF6D00C157D1 /* XCTest.framework */; };
		9B4611B61936FF6D00C157D1 /* Foundation.framework in Frameworks */ = {isa = PBXBuildFile; fileRef = 9B4611951936FF6D00C157D1 /* Foundation.framework */; };
		9B4611B71936FF6D00C157D1 /* UIKit.framework in Frameworks */ = {isa = PBXBuildFile; fileRef = 9B4611991936FF6D00C157D1 /* UIKit.framework */; };
		9B4611BF1936FF6D00C157D1 /* InfoPlist.strings in Resources */ = {isa = PBXBuildFile; fileRef = 9B4611BD1936FF6D00C157D1 /* InfoPlist.strings */; };
		9B4611C11936FF6D00C157D1 /* WorldCupTests.m in Sources */ = {isa = PBXBuildFile; fileRef = 9B4611C01936FF6D00C157D1 /* WorldCupTests.m */; };
		9B4611E8193700BC00C157D1 /* MMHud.m in Sources */ = {isa = PBXBuildFile; fileRef = 9B4611CE193700BC00C157D1 /* MMHud.m */; };
		9B4611E9193700BC00C157D1 /* MMLinearProgressView.m in Sources */ = {isa = PBXBuildFile; fileRef = 9B4611D0193700BC00C157D1 /* MMLinearProgressView.m */; };
		9B4611EA193700BC00C157D1 /* MMProgressHUD+Animations.m in Sources */ = {isa = PBXBuildFile; fileRef = 9B4611D2193700BC00C157D1 /* MMProgressHUD+Animations.m */; };
		9B4611EB193700BC00C157D1 /* MMProgressHUD+Class.m in Sources */ = {isa = PBXBuildFile; fileRef = 9B4611D3193700BC00C157D1 /* MMProgressHUD+Class.m */; };
		9B4611EC193700BC00C157D1 /* MMProgressHUD.m in Sources */ = {isa = PBXBuildFile; fileRef = 9B4611D5193700BC00C157D1 /* MMProgressHUD.m */; };
		9B4611ED193700BC00C157D1 /* MMProgressHUDOverlayView.m in Sources */ = {isa = PBXBuildFile; fileRef = 9B4611D8193700BC00C157D1 /* MMProgressHUDOverlayView.m */; };
		9B4611EE193700BC00C157D1 /* MMProgressHUDViewController.m in Sources */ = {isa = PBXBuildFile; fileRef = 9B4611DA193700BC00C157D1 /* MMProgressHUDViewController.m */; };
		9B4611EF193700BC00C157D1 /* MMProgressHUDWindow.m in Sources */ = {isa = PBXBuildFile; fileRef = 9B4611DC193700BC00C157D1 /* MMProgressHUDWindow.m */; };
		9B4611F0193700BC00C157D1 /* MMRadialProgressView.m in Sources */ = {isa = PBXBuildFile; fileRef = 9B4611DF193700BC00C157D1 /* MMRadialProgressView.m */; };
		9B4611F1193700BC00C157D1 /* MMVectorImage.m in Sources */ = {isa = PBXBuildFile; fileRef = 9B4611E1193700BC00C157D1 /* MMVectorImage.m */; };
		9B4611F2193700BC00C157D1 /* libMobClickLibrary.a in Frameworks */ = {isa = PBXBuildFile; fileRef = 9B4611E3193700BC00C157D1 /* libMobClickLibrary.a */; };
		9B4611F3193700BD00C157D1 /* libUMFeedback.a in Frameworks */ = {isa = PBXBuildFile; fileRef = 9B4611E4193700BC00C157D1 /* libUMFeedback.a */; };
		9B4611F4193700BD00C157D1 /* umFeedback.bundle in Resources */ = {isa = PBXBuildFile; fileRef = 9B4611E6193700BC00C157D1 /* umFeedback.bundle */; };
		9B4611F7193703C700C157D1 /* RPUmengConfig.m in Sources */ = {isa = PBXBuildFile; fileRef = 9B4611F6193703C700C157D1 /* RPUmengConfig.m */; };
		9B4612041937057B00C157D1 /* CustomNaviBarSearchController.m in Sources */ = {isa = PBXBuildFile; fileRef = 9B4611FA1937057B00C157D1 /* CustomNaviBarSearchController.m */; };
		9B4612051937057B00C157D1 /* CustomNaviBarView.m in Sources */ = {isa = PBXBuildFile; fileRef = 9B4611FC1937057B00C157D1 /* CustomNaviBarView.m */; };
		9B4612061937057B00C157D1 /* CustomNavigationController.m in Sources */ = {isa = PBXBuildFile; fileRef = 9B4611FE1937057B00C157D1 /* CustomNavigationController.m */; };
		9B4612071937057B00C157D1 /* CustomViewController.m in Sources */ = {isa = PBXBuildFile; fileRef = 9B4612001937057B00C157D1 /* CustomViewController.m */; };
		9B4612081937057B00C157D1 /* UtilityFunc.m in Sources */ = {isa = PBXBuildFile; fileRef = 9B4612031937057B00C157D1 /* UtilityFunc.m */; };
		9B46120A1937062C00C157D1 /* Images.xcassets in Resources */ = {isa = PBXBuildFile; fileRef = 9B4612091937062C00C157D1 /* Images.xcassets */; };
		9B46121F19371CE700C157D1 /* Icon-40.png in Resources */ = {isa = PBXBuildFile; fileRef = 9B46120F19371CE700C157D1 /* Icon-40.png */; };
		9B46122019371CE700C157D1 /* Icon-40@2x.png in Resources */ = {isa = PBXBuildFile; fileRef = 9B46121019371CE700C157D1 /* Icon-40@2x.png */; };
		9B46122119371CE700C157D1 /* Icon-60.png in Resources */ = {isa = PBXBuildFile; fileRef = 9B46121119371CE700C157D1 /* Icon-60.png */; };
		9B46122219371CE700C157D1 /* Icon-60@2x.png in Resources */ = {isa = PBXBuildFile; fileRef = 9B46121219371CE700C157D1 /* Icon-60@2x.png */; };
		9B46122319371CE700C157D1 /* Icon-72.png in Resources */ = {isa = PBXBuildFile; fileRef = 9B46121319371CE700C157D1 /* Icon-72.png */; };
		9B46122419371CE700C157D1 /* Icon-72@2x.png in Resources */ = {isa = PBXBuildFile; fileRef = 9B46121419371CE700C157D1 /* Icon-72@2x.png */; };
		9B46122519371CE700C157D1 /* Icon-76.png in Resources */ = {isa = PBXBuildFile; fileRef = 9B46121519371CE700C157D1 /* Icon-76.png */; };
		9B46122619371CE700C157D1 /* Icon-76@2x.png in Resources */ = {isa = PBXBuildFile; fileRef = 9B46121619371CE700C157D1 /* Icon-76@2x.png */; };
		9B46122719371CE700C157D1 /* Icon-Small-50.png in Resources */ = {isa = PBXBuildFile; fileRef = 9B46121719371CE700C157D1 /* Icon-Small-50.png */; };
		9B46122819371CE700C157D1 /* Icon-Small-50@2x.png in Resources */ = {isa = PBXBuildFile; fileRef = 9B46121819371CE700C157D1 /* Icon-Small-50@2x.png */; };
		9B46122919371CE700C157D1 /* Icon-Small.png in Resources */ = {isa = PBXBuildFile; fileRef = 9B46121919371CE700C157D1 /* Icon-Small.png */; };
		9B46122A19371CE700C157D1 /* Icon-Small@2x.png in Resources */ = {isa = PBXBuildFile; fileRef = 9B46121A19371CE700C157D1 /* Icon-Small@2x.png */; };
		9B46122B19371CE700C157D1 /* Icon.png in Resources */ = {isa = PBXBuildFile; fileRef = 9B46121B19371CE700C157D1 /* Icon.png */; };
		9B46122C19371CE700C157D1 /* Icon@2x.png in Resources */ = {isa = PBXBuildFile; fileRef = 9B46121C19371CE700C157D1 /* Icon@2x.png */; };
		9B46122D19371CE700C157D1 /* iTunesArtwork.png in Resources */ = {isa = PBXBuildFile; fileRef = 9B46121D19371CE700C157D1 /* iTunesArtwork.png */; };
		9B46122E19371CE700C157D1 /* iTunesArtwork@2x.png in Resources */ = {isa = PBXBuildFile; fileRef = 9B46121E19371CE700C157D1 /* iTunesArtwork@2x.png */; };
		9B46123419371EF200C157D1 /* InfoPlist.strings in Resources */ = {isa = PBXBuildFile; fileRef = 9B46123619371EF200C157D1 /* InfoPlist.strings */; };
		9B46123B1937251D00C157D1 /* NSString+Java.m in Sources */ = {isa = PBXBuildFile; fileRef = 9B46123A1937251D00C157D1 /* NSString+Java.m */; };
/* End PBXBuildFile section */

/* Begin PBXContainerItemProxy section */
		9B4611B81936FF6D00C157D1 /* PBXContainerItemProxy */ = {
			isa = PBXContainerItemProxy;
			containerPortal = 9B46118A1936FF6D00C157D1 /* Project object */;
			proxyType = 1;
			remoteGlobalIDString = 9B4611911936FF6D00C157D1;
			remoteInfo = WorldCup;
		};
/* End PBXContainerItemProxy section */

/* Begin PBXFileReference section */
		9B27F9B4193815D7009139C1 /* Icon-120.png */ = {isa = PBXFileReference; lastKnownFileType = image.png; path = "Icon-120.png"; sourceTree = "<group>"; };
		9B4611921936FF6D00C157D1 /* WorldCup.app */ = {isa = PBXFileReference; explicitFileType = wrapper.application; includeInIndex = 0; path = WorldCup.app; sourceTree = BUILT_PRODUCTS_DIR; };
		9B4611951936FF6D00C157D1 /* Foundation.framework */ = {isa = PBXFileReference; lastKnownFileType = wrapper.framework; name = Foundation.framework; path = System/Library/Frameworks/Foundation.framework; sourceTree = SDKROOT; };
		9B4611971936FF6D00C157D1 /* CoreGraphics.framework */ = {isa = PBXFileReference; lastKnownFileType = wrapper.framework; name = CoreGraphics.framework; path = System/Library/Frameworks/CoreGraphics.framework; sourceTree = SDKROOT; };
		9B4611991936FF6D00C157D1 /* UIKit.framework */ = {isa = PBXFileReference; lastKnownFileType = wrapper.framework; name = UIKit.framework; path = System/Library/Frameworks/UIKit.framework; sourceTree = SDKROOT; };
		9B46119D1936FF6D00C157D1 /* WorldCup-Info.plist */ = {isa = PBXFileReference; lastKnownFileType = text.plist.xml; path = "WorldCup-Info.plist"; sourceTree = "<group>"; };
		9B4611A11936FF6D00C157D1 /* main.m */ = {isa = PBXFileReference; lastKnownFileType = sourcecode.c.objc; path = main.m; sourceTree = "<group>"; };
		9B4611A31936FF6D00C157D1 /* WorldCup-Prefix.pch */ = {isa = PBXFileReference; lastKnownFileType = sourcecode.c.h; path = "WorldCup-Prefix.pch"; sourceTree = "<group>"; };
		9B4611A41936FF6D00C157D1 /* WCAppDelegate.h */ = {isa = PBXFileReference; lastKnownFileType = sourcecode.c.h; path = WCAppDelegate.h; sourceTree = "<group>"; };
		9B4611A51936FF6D00C157D1 /* WCAppDelegate.m */ = {isa = PBXFileReference; lastKnownFileType = sourcecode.c.objc; path = WCAppDelegate.m; sourceTree = "<group>"; };
		9B4611AA1936FF6D00C157D1 /* WCViewController.h */ = {isa = PBXFileReference; lastKnownFileType = sourcecode.c.h; path = WCViewController.h; sourceTree = "<group>"; };
		9B4611AB1936FF6D00C157D1 /* WCViewController.m */ = {isa = PBXFileReference; lastKnownFileType = sourcecode.c.objc; path = WCViewController.m; sourceTree = "<group>"; };
		9B4611B31936FF6D00C157D1 /* WorldCupTests.xctest */ = {isa = PBXFileReference; explicitFileType = wrapper.cfbundle; includeInIndex = 0; path = WorldCupTests.xctest; sourceTree = BUILT_PRODUCTS_DIR; };
		9B4611B41936FF6D00C157D1 /* XCTest.framework */ = {isa = PBXFileReference; lastKnownFileType = wrapper.framework; name = XCTest.framework; path = Library/Frameworks/XCTest.framework; sourceTree = DEVELOPER_DIR; };
		9B4611BC1936FF6D00C157D1 /* WorldCupTests-Info.plist */ = {isa = PBXFileReference; lastKnownFileType = text.plist.xml; path = "WorldCupTests-Info.plist"; sourceTree = "<group>"; };
		9B4611BE1936FF6D00C157D1 /* en */ = {isa = PBXFileReference; lastKnownFileType = text.plist.strings; name = en; path = en.lproj/InfoPlist.strings; sourceTree = "<group>"; };
		9B4611C01936FF6D00C157D1 /* WorldCupTests.m */ = {isa = PBXFileReference; lastKnownFileType = sourcecode.c.objc; path = WorldCupTests.m; sourceTree = "<group>"; };
		9B4611CD193700BC00C157D1 /* MMHud.h */ = {isa = PBXFileReference; fileEncoding = 4; lastKnownFileType = sourcecode.c.h; path = MMHud.h; sourceTree = "<group>"; };
		9B4611CE193700BC00C157D1 /* MMHud.m */ = {isa = PBXFileReference; fileEncoding = 4; lastKnownFileType = sourcecode.c.objc; path = MMHud.m; sourceTree = "<group>"; };
		9B4611CF193700BC00C157D1 /* MMLinearProgressView.h */ = {isa = PBXFileReference; fileEncoding = 4; lastKnownFileType = sourcecode.c.h; path = MMLinearProgressView.h; sourceTree = "<group>"; };
		9B4611D0193700BC00C157D1 /* MMLinearProgressView.m */ = {isa = PBXFileReference; fileEncoding = 4; lastKnownFileType = sourcecode.c.objc; path = MMLinearProgressView.m; sourceTree = "<group>"; };
		9B4611D1193700BC00C157D1 /* MMProgressHUD+Animations.h */ = {isa = PBXFileReference; fileEncoding = 4; lastKnownFileType = sourcecode.c.h; path = "MMProgressHUD+Animations.h"; sourceTree = "<group>"; };
		9B4611D2193700BC00C157D1 /* MMProgressHUD+Animations.m */ = {isa = PBXFileReference; fileEncoding = 4; lastKnownFileType = sourcecode.c.objc; path = "MMProgressHUD+Animations.m"; sourceTree = "<group>"; };
		9B4611D3193700BC00C157D1 /* MMProgressHUD+Class.m */ = {isa = PBXFileReference; fileEncoding = 4; lastKnownFileType = sourcecode.c.objc; path = "MMProgressHUD+Class.m"; sourceTree = "<group>"; };
		9B4611D4193700BC00C157D1 /* MMProgressHUD.h */ = {isa = PBXFileReference; fileEncoding = 4; lastKnownFileType = sourcecode.c.h; path = MMProgressHUD.h; sourceTree = "<group>"; };
		9B4611D5193700BC00C157D1 /* MMProgressHUD.m */ = {isa = PBXFileReference; fileEncoding = 4; lastKnownFileType = sourcecode.c.objc; path = MMProgressHUD.m; sourceTree = "<group>"; };
		9B4611D6193700BC00C157D1 /* MMProgressHUDCommon.h */ = {isa = PBXFileReference; fileEncoding = 4; lastKnownFileType = sourcecode.c.h; path = MMProgressHUDCommon.h; sourceTree = "<group>"; };
		9B4611D7193700BC00C157D1 /* MMProgressHUDOverlayView.h */ = {isa = PBXFileReference; fileEncoding = 4; lastKnownFileType = sourcecode.c.h; path = MMProgressHUDOverlayView.h; sourceTree = "<group>"; };
		9B4611D8193700BC00C157D1 /* MMProgressHUDOverlayView.m */ = {isa = PBXFileReference; fileEncoding = 4; lastKnownFileType = sourcecode.c.objc; path = MMProgressHUDOverlayView.m; sourceTree = "<group>"; };
		9B4611D9193700BC00C157D1 /* MMProgressHUDViewController.h */ = {isa = PBXFileReference; fileEncoding = 4; lastKnownFileType = sourcecode.c.h; path = MMProgressHUDViewController.h; sourceTree = "<group>"; };
		9B4611DA193700BC00C157D1 /* MMProgressHUDViewController.m */ = {isa = PBXFileReference; fileEncoding = 4; lastKnownFileType = sourcecode.c.objc; path = MMProgressHUDViewController.m; sourceTree = "<group>"; };
		9B4611DB193700BC00C157D1 /* MMProgressHUDWindow.h */ = {isa = PBXFileReference; fileEncoding = 4; lastKnownFileType = sourcecode.c.h; path = MMProgressHUDWindow.h; sourceTree = "<group>"; };
		9B4611DC193700BC00C157D1 /* MMProgressHUDWindow.m */ = {isa = PBXFileReference; fileEncoding = 4; lastKnownFileType = sourcecode.c.objc; path = MMProgressHUDWindow.m; sourceTree = "<group>"; };
		9B4611DD193700BC00C157D1 /* MMProgressView-Protocol.h */ = {isa = PBXFileReference; fileEncoding = 4; lastKnownFileType = sourcecode.c.h; path = "MMProgressView-Protocol.h"; sourceTree = "<group>"; };
		9B4611DE193700BC00C157D1 /* MMRadialProgressView.h */ = {isa = PBXFileReference; fileEncoding = 4; lastKnownFileType = sourcecode.c.h; path = MMRadialProgressView.h; sourceTree = "<group>"; };
		9B4611DF193700BC00C157D1 /* MMRadialProgressView.m */ = {isa = PBXFileReference; fileEncoding = 4; lastKnownFileType = sourcecode.c.objc; path = MMRadialProgressView.m; sourceTree = "<group>"; };
		9B4611E0193700BC00C157D1 /* MMVectorImage.h */ = {isa = PBXFileReference; fileEncoding = 4; lastKnownFileType = sourcecode.c.h; path = MMVectorImage.h; sourceTree = "<group>"; };
		9B4611E1193700BC00C157D1 /* MMVectorImage.m */ = {isa = PBXFileReference; fileEncoding = 4; lastKnownFileType = sourcecode.c.objc; path = MMVectorImage.m; sourceTree = "<group>"; };
		9B4611E3193700BC00C157D1 /* libMobClickLibrary.a */ = {isa = PBXFileReference; lastKnownFileType = archive.ar; path = libMobClickLibrary.a; sourceTree = "<group>"; };
		9B4611E4193700BC00C157D1 /* libUMFeedback.a */ = {isa = PBXFileReference; lastKnownFileType = archive.ar; path = libUMFeedback.a; sourceTree = "<group>"; };
		9B4611E5193700BC00C157D1 /* MobClick.h */ = {isa = PBXFileReference; fileEncoding = 4; lastKnownFileType = sourcecode.c.h; path = MobClick.h; sourceTree = "<group>"; };
		9B4611E6193700BC00C157D1 /* umFeedback.bundle */ = {isa = PBXFileReference; lastKnownFileType = "wrapper.plug-in"; path = umFeedback.bundle; sourceTree = "<group>"; };
		9B4611E7193700BC00C157D1 /* UMFeedback.h */ = {isa = PBXFileReference; fileEncoding = 4; lastKnownFileType = sourcecode.c.h; path = UMFeedback.h; sourceTree = "<group>"; };
		9B4611F5193703C700C157D1 /* RPUmengConfig.h */ = {isa = PBXFileReference; fileEncoding = 4; lastKnownFileType = sourcecode.c.h; path = RPUmengConfig.h; sourceTree = "<group>"; };
		9B4611F6193703C700C157D1 /* RPUmengConfig.m */ = {isa = PBXFileReference; fileEncoding = 4; lastKnownFileType = sourcecode.c.objc; path = RPUmengConfig.m; sourceTree = "<group>"; };
		9B4611F91937057B00C157D1 /* CustomNaviBarSearchController.h */ = {isa = PBXFileReference; fileEncoding = 4; lastKnownFileType = sourcecode.c.h; path = CustomNaviBarSearchController.h; sourceTree = "<group>"; };
		9B4611FA1937057B00C157D1 /* CustomNaviBarSearchController.m */ = {isa = PBXFileReference; fileEncoding = 4; lastKnownFileType = sourcecode.c.objc; path = CustomNaviBarSearchController.m; sourceTree = "<group>"; };
		9B4611FB1937057B00C157D1 /* CustomNaviBarView.h */ = {isa = PBXFileReference; fileEncoding = 4; lastKnownFileType = sourcecode.c.h; path = CustomNaviBarView.h; sourceTree = "<group>"; };
		9B4611FC1937057B00C157D1 /* CustomNaviBarView.m */ = {isa = PBXFileReference; fileEncoding = 4; lastKnownFileType = sourcecode.c.objc; path = CustomNaviBarView.m; sourceTree = "<group>"; };
		9B4611FD1937057B00C157D1 /* CustomNavigationController.h */ = {isa = PBXFileReference; fileEncoding = 4; lastKnownFileType = sourcecode.c.h; path = CustomNavigationController.h; sourceTree = "<group>"; };
		9B4611FE1937057B00C157D1 /* CustomNavigationController.m */ = {isa = PBXFileReference; fileEncoding = 4; lastKnownFileType = sourcecode.c.objc; path = CustomNavigationController.m; sourceTree = "<group>"; };
		9B4611FF1937057B00C157D1 /* CustomViewController.h */ = {isa = PBXFileReference; fileEncoding = 4; lastKnownFileType = sourcecode.c.h; path = CustomViewController.h; sourceTree = "<group>"; };
		9B4612001937057B00C157D1 /* CustomViewController.m */ = {isa = PBXFileReference; fileEncoding = 4; lastKnownFileType = sourcecode.c.objc; path = CustomViewController.m; sourceTree = "<group>"; };
		9B4612011937057B00C157D1 /* GlobalDefine.h */ = {isa = PBXFileReference; fileEncoding = 4; lastKnownFileType = sourcecode.c.h; path = GlobalDefine.h; sourceTree = "<group>"; };
		9B4612021937057B00C157D1 /* UtilityFunc.h */ = {isa = PBXFileReference; fileEncoding = 4; lastKnownFileType = sourcecode.c.h; path = UtilityFunc.h; sourceTree = "<group>"; };
		9B4612031937057B00C157D1 /* UtilityFunc.m */ = {isa = PBXFileReference; fileEncoding = 4; lastKnownFileType = sourcecode.c.objc; path = UtilityFunc.m; sourceTree = "<group>"; };
		9B4612091937062C00C157D1 /* Images.xcassets */ = {isa = PBXFileReference; lastKnownFileType = folder.assetcatalog; path = Images.xcassets; sourceTree = "<group>"; };
		9B46120F19371CE700C157D1 /* Icon-40.png */ = {isa = PBXFileReference; lastKnownFileType = image.png; path = "Icon-40.png"; sourceTree = "<group>"; };
		9B46121019371CE700C157D1 /* Icon-40@2x.png */ = {isa = PBXFileReference; lastKnownFileType = image.png; path = "Icon-40@2x.png"; sourceTree = "<group>"; };
		9B46121119371CE700C157D1 /* Icon-60.png */ = {isa = PBXFileReference; lastKnownFileType = image.png; path = "Icon-60.png"; sourceTree = "<group>"; };
		9B46121219371CE700C157D1 /* Icon-60@2x.png */ = {isa = PBXFileReference; lastKnownFileType = image.png; path = "Icon-60@2x.png"; sourceTree = "<group>"; };
		9B46121319371CE700C157D1 /* Icon-72.png */ = {isa = PBXFileReference; lastKnownFileType = image.png; path = "Icon-72.png"; sourceTree = "<group>"; };
		9B46121419371CE700C157D1 /* Icon-72@2x.png */ = {isa = PBXFileReference; lastKnownFileType = image.png; path = "Icon-72@2x.png"; sourceTree = "<group>"; };
		9B46121519371CE700C157D1 /* Icon-76.png */ = {isa = PBXFileReference; lastKnownFileType = image.png; path = "Icon-76.png"; sourceTree = "<group>"; };
		9B46121619371CE700C157D1 /* Icon-76@2x.png */ = {isa = PBXFileReference; lastKnownFileType = image.png; path = "Icon-76@2x.png"; sourceTree = "<group>"; };
		9B46121719371CE700C157D1 /* Icon-Small-50.png */ = {isa = PBXFileReference; lastKnownFileType = image.png; path = "Icon-Small-50.png"; sourceTree = "<group>"; };
		9B46121819371CE700C157D1 /* Icon-Small-50@2x.png */ = {isa = PBXFileReference; lastKnownFileType = image.png; path = "Icon-Small-50@2x.png"; sourceTree = "<group>"; };
		9B46121919371CE700C157D1 /* Icon-Small.png */ = {isa = PBXFileReference; lastKnownFileType = image.png; path = "Icon-Small.png"; sourceTree = "<group>"; };
		9B46121A19371CE700C157D1 /* Icon-Small@2x.png */ = {isa = PBXFileReference; lastKnownFileType = image.png; path = "Icon-Small@2x.png"; sourceTree = "<group>"; };
		9B46121B19371CE700C157D1 /* Icon.png */ = {isa = PBXFileReference; lastKnownFileType = image.png; path = Icon.png; sourceTree = "<group>"; };
		9B46121C19371CE700C157D1 /* Icon@2x.png */ = {isa = PBXFileReference; lastKnownFileType = image.png; path = "Icon@2x.png"; sourceTree = "<group>"; };
		9B46121D19371CE700C157D1 /* iTunesArtwork.png */ = {isa = PBXFileReference; lastKnownFileType = image.png; path = iTunesArtwork.png; sourceTree = "<group>"; };
		9B46121E19371CE700C157D1 /* iTunesArtwork@2x.png */ = {isa = PBXFileReference; lastKnownFileType = image.png; path = "iTunesArtwork@2x.png"; sourceTree = "<group>"; };
		9B46123519371EF200C157D1 /* en */ = {isa = PBXFileReference; lastKnownFileType = text.plist.strings; name = en; path = en.lproj/InfoPlist.strings; sourceTree = "<group>"; };
		9B46123719371F0200C157D1 /* zh-Hans */ = {isa = PBXFileReference; lastKnownFileType = text.plist.strings; name = "zh-Hans"; path = "zh-Hans.lproj/InfoPlist.strings"; sourceTree = "<group>"; };
		9B46123819371F0200C157D1 /* zh-Hans */ = {isa = PBXFileReference; lastKnownFileType = text.plist.strings; name = "zh-Hans"; path = "zh-Hans.lproj/InfoPlist.strings"; sourceTree = "<group>"; };
		9B4612391937251D00C157D1 /* NSString+Java.h */ = {isa = PBXFileReference; fileEncoding = 4; lastKnownFileType = sourcecode.c.h; path = "NSString+Java.h"; sourceTree = "<group>"; };
		9B46123A1937251D00C157D1 /* NSString+Java.m */ = {isa = PBXFileReference; fileEncoding = 4; lastKnownFileType = sourcecode.c.objc; path = "NSString+Java.m"; sourceTree = "<group>"; };
/* End PBXFileReference section */

/* Begin PBXFrameworksBuildPhase section */
		9B46118F1936FF6D00C157D1 /* Frameworks */ = {
			isa = PBXFrameworksBuildPhase;
			buildActionMask = 2147483647;
			files = (
				9B4611F2193700BC00C157D1 /* libMobClickLibrary.a in Frameworks */,
				9B4611F3193700BD00C157D1 /* libUMFeedback.a in Frameworks */,
				9B4611981936FF6D00C157D1 /* CoreGraphics.framework in Frameworks */,
				9B46119A1936FF6D00C157D1 /* UIKit.framework in Frameworks */,
				9B4611961936FF6D00C157D1 /* Foundation.framework in Frameworks */,
			);
			runOnlyForDeploymentPostprocessing = 0;
		};
		9B4611B01936FF6D00C157D1 /* Frameworks */ = {
			isa = PBXFrameworksBuildPhase;
			buildActionMask = 2147483647;
			files = (
				9B4611B51936FF6D00C157D1 /* XCTest.framework in Frameworks */,
				9B4611B71936FF6D00C157D1 /* UIKit.framework in Frameworks */,
				9B4611B61936FF6D00C157D1 /* Foundation.framework in Frameworks */,
			);
			runOnlyForDeploymentPostprocessing = 0;
		};
/* End PBXFrameworksBuildPhase section */

/* Begin PBXGroup section */
		9B4611891936FF6D00C157D1 = {
			isa = PBXGroup;
			children = (
				9B46119B1936FF6D00C157D1 /* WorldCup */,
				9B4611BA1936FF6D00C157D1 /* WorldCupTests */,
				9B4611941936FF6D00C157D1 /* Frameworks */,
				9B4611931936FF6D00C157D1 /* Products */,
			);
			sourceTree = "<group>";
		};
		9B4611931936FF6D00C157D1 /* Products */ = {
			isa = PBXGroup;
			children = (
				9B4611921936FF6D00C157D1 /* WorldCup.app */,
				9B4611B31936FF6D00C157D1 /* WorldCupTests.xctest */,
			);
			name = Products;
			sourceTree = "<group>";
		};
		9B4611941936FF6D00C157D1 /* Frameworks */ = {
			isa = PBXGroup;
			children = (
				9B4611951936FF6D00C157D1 /* Foundation.framework */,
				9B4611971936FF6D00C157D1 /* CoreGraphics.framework */,
				9B4611991936FF6D00C157D1 /* UIKit.framework */,
				9B4611B41936FF6D00C157D1 /* XCTest.framework */,
			);
			name = Frameworks;
			sourceTree = "<group>";
		};
		9B46119B1936FF6D00C157D1 /* WorldCup */ = {
			isa = PBXGroup;
			children = (
				9B4612391937251D00C157D1 /* NSString+Java.h */,
				9B46123A1937251D00C157D1 /* NSString+Java.m */,
				9B46123619371EF200C157D1 /* InfoPlist.strings */,
				9B46120E19371CE700C157D1 /* icon */,
				9B4611F81937057B00C157D1 /* CustomNavigationBar */,
				9B4611F5193703C700C157D1 /* RPUmengConfig.h */,
				9B4611F6193703C700C157D1 /* RPUmengConfig.m */,
				9B4611CC193700BC00C157D1 /* MMHUD */,
				9B4611E2193700BC00C157D1 /* UMeng */,
				9B4611A41936FF6D00C157D1 /* WCAppDelegate.h */,
				9B4611A51936FF6D00C157D1 /* WCAppDelegate.m */,
				9B4611AA1936FF6D00C157D1 /* WCViewController.h */,
				9B4611AB1936FF6D00C157D1 /* WCViewController.m */,
				9B46119C1936FF6D00C157D1 /* Supporting Files */,
			);
			path = WorldCup;
			sourceTree = "<group>";
		};
		9B46119C1936FF6D00C157D1 /* Supporting Files */ = {
			isa = PBXGroup;
			children = (
				9B46119D1936FF6D00C157D1 /* WorldCup-Info.plist */,
				9B4611A11936FF6D00C157D1 /* main.m */,
				9B4611A31936FF6D00C157D1 /* WorldCup-Prefix.pch */,
			);
			name = "Supporting Files";
			sourceTree = "<group>";
		};
		9B4611BA1936FF6D00C157D1 /* WorldCupTests */ = {
			isa = PBXGroup;
			children = (
				9B4611C01936FF6D00C157D1 /* WorldCupTests.m */,
				9B4611BB1936FF6D00C157D1 /* Supporting Files */,
			);
			path = WorldCupTests;
			sourceTree = "<group>";
		};
		9B4611BB1936FF6D00C157D1 /* Supporting Files */ = {
			isa = PBXGroup;
			children = (
				9B4611BC1936FF6D00C157D1 /* WorldCupTests-Info.plist */,
				9B4611BD1936FF6D00C157D1 /* InfoPlist.strings */,
			);
			name = "Supporting Files";
			sourceTree = "<group>";
		};
		9B4611CC193700BC00C157D1 /* MMHUD */ = {
			isa = PBXGroup;
			children = (
				9B4611CD193700BC00C157D1 /* MMHud.h */,
				9B4611CE193700BC00C157D1 /* MMHud.m */,
				9B4611CF193700BC00C157D1 /* MMLinearProgressView.h */,
				9B4611D0193700BC00C157D1 /* MMLinearProgressView.m */,
				9B4611D1193700BC00C157D1 /* MMProgressHUD+Animations.h */,
				9B4611D2193700BC00C157D1 /* MMProgressHUD+Animations.m */,
				9B4611D3193700BC00C157D1 /* MMProgressHUD+Class.m */,
				9B4611D4193700BC00C157D1 /* MMProgressHUD.h */,
				9B4611D5193700BC00C157D1 /* MMProgressHUD.m */,
				9B4611D6193700BC00C157D1 /* MMProgressHUDCommon.h */,
				9B4611D7193700BC00C157D1 /* MMProgressHUDOverlayView.h */,
				9B4611D8193700BC00C157D1 /* MMProgressHUDOverlayView.m */,
				9B4611D9193700BC00C157D1 /* MMProgressHUDViewController.h */,
				9B4611DA193700BC00C157D1 /* MMProgressHUDViewController.m */,
				9B4611DB193700BC00C157D1 /* MMProgressHUDWindow.h */,
				9B4611DC193700BC00C157D1 /* MMProgressHUDWindow.m */,
				9B4611DD193700BC00C157D1 /* MMProgressView-Protocol.h */,
				9B4611DE193700BC00C157D1 /* MMRadialProgressView.h */,
				9B4611DF193700BC00C157D1 /* MMRadialProgressView.m */,
				9B4611E0193700BC00C157D1 /* MMVectorImage.h */,
				9B4611E1193700BC00C157D1 /* MMVectorImage.m */,
			);
			path = MMHUD;
			sourceTree = "<group>";
		};
		9B4611E2193700BC00C157D1 /* UMeng */ = {
			isa = PBXGroup;
			children = (
				9B4611E3193700BC00C157D1 /* libMobClickLibrary.a */,
				9B4611E4193700BC00C157D1 /* libUMFeedback.a */,
				9B4611E5193700BC00C157D1 /* MobClick.h */,
				9B4611E6193700BC00C157D1 /* umFeedback.bundle */,
				9B4611E7193700BC00C157D1 /* UMFeedback.h */,
			);
			path = UMeng;
			sourceTree = "<group>";
		};
		9B4611F81937057B00C157D1 /* CustomNavigationBar */ = {
			isa = PBXGroup;
			children = (
				9B4612091937062C00C157D1 /* Images.xcassets */,
				9B4611F91937057B00C157D1 /* CustomNaviBarSearchController.h */,
				9B4611FA1937057B00C157D1 /* CustomNaviBarSearchController.m */,
				9B4611FB1937057B00C157D1 /* CustomNaviBarView.h */,
				9B4611FC1937057B00C157D1 /* CustomNaviBarView.m */,
				9B4611FD1937057B00C157D1 /* CustomNavigationController.h */,
				9B4611FE1937057B00C157D1 /* CustomNavigationController.m */,
				9B4611FF1937057B00C157D1 /* CustomViewController.h */,
				9B4612001937057B00C157D1 /* CustomViewController.m */,
				9B4612011937057B00C157D1 /* GlobalDefine.h */,
				9B4612021937057B00C157D1 /* UtilityFunc.h */,
				9B4612031937057B00C157D1 /* UtilityFunc.m */,
			);
			path = CustomNavigationBar;
			sourceTree = "<group>";
		};
		9B46120E19371CE700C157D1 /* icon */ = {
			isa = PBXGroup;
			children = (
				9B27F9B4193815D7009139C1 /* Icon-120.png */,
				9B46120F19371CE700C157D1 /* Icon-40.png */,
				9B46121019371CE700C157D1 /* Icon-40@2x.png */,
				9B46121119371CE700C157D1 /* Icon-60.png */,
				9B46121219371CE700C157D1 /* Icon-60@2x.png */,
				9B46121319371CE700C157D1 /* Icon-72.png */,
				9B46121419371CE700C157D1 /* Icon-72@2x.png */,
				9B46121519371CE700C157D1 /* Icon-76.png */,
				9B46121619371CE700C157D1 /* Icon-76@2x.png */,
				9B46121719371CE700C157D1 /* Icon-Small-50.png */,
				9B46121819371CE700C157D1 /* Icon-Small-50@2x.png */,
				9B46121919371CE700C157D1 /* Icon-Small.png */,
				9B46121A19371CE700C157D1 /* Icon-Small@2x.png */,
				9B46121B19371CE700C157D1 /* Icon.png */,
				9B46121C19371CE700C157D1 /* Icon@2x.png */,
				9B46121D19371CE700C157D1 /* iTunesArtwork.png */,
				9B46121E19371CE700C157D1 /* iTunesArtwork@2x.png */,
			);
			path = icon;
			sourceTree = "<group>";
		};
/* End PBXGroup section */

/* Begin PBXNativeTarget section */
		9B4611911936FF6D00C157D1 /* WorldCup */ = {
			isa = PBXNativeTarget;
			buildConfigurationList = 9B4611C41936FF6D00C157D1 /* Build configuration list for PBXNativeTarget "WorldCup" */;
			buildPhases = (
				9B46118E1936FF6D00C157D1 /* Sources */,
				9B46118F1936FF6D00C157D1 /* Frameworks */,
				9B4611901936FF6D00C157D1 /* Resources */,
			);
			buildRules = (
			);
			dependencies = (
			);
			name = WorldCup;
			productName = WorldCup;
			productReference = 9B4611921936FF6D00C157D1 /* WorldCup.app */;
			productType = "com.apple.product-type.application";
		};
		9B4611B21936FF6D00C157D1 /* WorldCupTests */ = {
			isa = PBXNativeTarget;
			buildConfigurationList = 9B4611C71936FF6D00C157D1 /* Build configuration list for PBXNativeTarget "WorldCupTests" */;
			buildPhases = (
				9B4611AF1936FF6D00C157D1 /* Sources */,
				9B4611B01936FF6D00C157D1 /* Frameworks */,
				9B4611B11936FF6D00C157D1 /* Resources */,
			);
			buildRules = (
			);
			dependencies = (
				9B4611B91936FF6D00C157D1 /* PBXTargetDependency */,
			);
			name = WorldCupTests;
			productName = WorldCupTests;
			productReference = 9B4611B31936FF6D00C157D1 /* WorldCupTests.xctest */;
			productType = "com.apple.product-type.bundle.unit-test";
		};
/* End PBXNativeTarget section */

/* Begin PBXProject section */
		9B46118A1936FF6D00C157D1 /* Project object */ = {
			isa = PBXProject;
			attributes = {
				CLASSPREFIX = WC;
				LastUpgradeCheck = 0510;
				ORGANIZATIONNAME = eason;
				TargetAttributes = {
					9B4611B21936FF6D00C157D1 = {
						TestTargetID = 9B4611911936FF6D00C157D1;
					};
				};
			};
			buildConfigurationList = 9B46118D1936FF6D00C157D1 /* Build configuration list for PBXProject "WorldCup" */;
			compatibilityVersion = "Xcode 3.2";
			developmentRegion = English;
			hasScannedForEncodings = 0;
			knownRegions = (
				en,
				Base,
				"zh-Hans",
			);
			mainGroup = 9B4611891936FF6D00C157D1;
			productRefGroup = 9B4611931936FF6D00C157D1 /* Products */;
			projectDirPath = "";
			projectRoot = "";
			targets = (
				9B4611911936FF6D00C157D1 /* WorldCup */,
				9B4611B21936FF6D00C157D1 /* WorldCupTests */,
			);
		};
/* End PBXProject section */

/* Begin PBXResourcesBuildPhase section */
		9B4611901936FF6D00C157D1 /* Resources */ = {
			isa = PBXResourcesBuildPhase;
			buildActionMask = 2147483647;
			files = (
				9B46121F19371CE700C157D1 /* Icon-40.png in Resources */,
				9B46120A1937062C00C157D1 /* Images.xcassets in Resources */,
				9B46122419371CE700C157D1 /* Icon-72@2x.png in Resources */,
				9B46122A19371CE700C157D1 /* Icon-Small@2x.png in Resources */,
				9B46122B19371CE700C157D1 /* Icon.png in Resources */,
				9B46122119371CE700C157D1 /* Icon-60.png in Resources */,
				9B46122D19371CE700C157D1 /* iTunesArtwork.png in Resources */,
				9B46122219371CE700C157D1 /* Icon-60@2x.png in Resources */,
				9B27F9B5193815D7009139C1 /* Icon-120.png in Resources */,
				9B46122619371CE700C157D1 /* Icon-76@2x.png in Resources */,
				9B46123419371EF200C157D1 /* InfoPlist.strings in Resources */,
				9B46122319371CE700C157D1 /* Icon-72.png in Resources */,
				9B46122919371CE700C157D1 /* Icon-Small.png in Resources */,
				9B46122519371CE700C157D1 /* Icon-76.png in Resources */,
				9B46122E19371CE700C157D1 /* iTunesArtwork@2x.png in Resources */,
				9B46122819371CE700C157D1 /* Icon-Small-50@2x.png in Resources */,
				9B46122C19371CE700C157D1 /* Icon@2x.png in Resources */,
				9B46122719371CE700C157D1 /* Icon-Small-50.png in Resources */,
				9B4611F4193700BD00C157D1 /* umFeedback.bundle in Resources */,
				9B46122019371CE700C157D1 /* Icon-40@2x.png in Resources */,
			);
			runOnlyForDeploymentPostprocessing = 0;
		};
		9B4611B11936FF6D00C157D1 /* Resources */ = {
			isa = PBXResourcesBuildPhase;
			buildActionMask = 2147483647;
			files = (
				9B4611BF1936FF6D00C157D1 /* InfoPlist.strings in Resources */,
			);
			runOnlyForDeploymentPostprocessing = 0;
		};
/* End PBXResourcesBuildPhase section */

/* Begin PBXSourcesBuildPhase section */
		9B46118E1936FF6D00C157D1 /* Sources */ = {
			isa = PBXSourcesBuildPhase;
			buildActionMask = 2147483647;
			files = (
				9B4611AC1936FF6D00C157D1 /* WCViewController.m in Sources */,
				9B4611F1193700BC00C157D1 /* MMVectorImage.m in Sources */,
				9B4611EF193700BC00C157D1 /* MMProgressHUDWindow.m in Sources */,
				9B46123B1937251D00C157D1 /* NSString+Java.m in Sources */,
				9B4612061937057B00C157D1 /* CustomNavigationController.m in Sources */,
				9B4611E8193700BC00C157D1 /* MMHud.m in Sources */,
				9B4611EC193700BC00C157D1 /* MMProgressHUD.m in Sources */,
				9B4611F0193700BC00C157D1 /* MMRadialProgressView.m in Sources */,
				9B4611EE193700BC00C157D1 /* MMProgressHUDViewController.m in Sources */,
				9B4612081937057B00C157D1 /* UtilityFunc.m in Sources */,
				9B4612051937057B00C157D1 /* CustomNaviBarView.m in Sources */,
				9B4611EB193700BC00C157D1 /* MMProgressHUD+Class.m in Sources */,
				9B4611E9193700BC00C157D1 /* MMLinearProgressView.m in Sources */,
				9B4611A61936FF6D00C157D1 /* WCAppDelegate.m in Sources */,
				9B4611F7193703C700C157D1 /* RPUmengConfig.m in Sources */,
				9B4612071937057B00C157D1 /* CustomViewController.m in Sources */,
				9B4611ED193700BC00C157D1 /* MMProgressHUDOverlayView.m in Sources */,
				9B4612041937057B00C157D1 /* CustomNaviBarSearchController.m in Sources */,
				9B4611A21936FF6D00C157D1 /* main.m in Sources */,
				9B4611EA193700BC00C157D1 /* MMProgressHUD+Animations.m in Sources */,
			);
			runOnlyForDeploymentPostprocessing = 0;
		};
		9B4611AF1936FF6D00C157D1 /* Sources */ = {
			isa = PBXSourcesBuildPhase;
			buildActionMask = 2147483647;
			files = (
				9B4611C11936FF6D00C157D1 /* WorldCupTests.m in Sources */,
			);
			runOnlyForDeploymentPostprocessing = 0;
		};
/* End PBXSourcesBuildPhase section */

/* Begin PBXTargetDependency section */
		9B4611B91936FF6D00C157D1 /* PBXTargetDependency */ = {
			isa = PBXTargetDependency;
			target = 9B4611911936FF6D00C157D1 /* WorldCup */;
			targetProxy = 9B4611B81936FF6D00C157D1 /* PBXContainerItemProxy */;
		};
/* End PBXTargetDependency section */

/* Begin PBXVariantGroup section */
		9B4611BD1936FF6D00C157D1 /* InfoPlist.strings */ = {
			isa = PBXVariantGroup;
			children = (
				9B4611BE1936FF6D00C157D1 /* en */,
				9B46123819371F0200C157D1 /* zh-Hans */,
			);
			name = InfoPlist.strings;
			sourceTree = "<group>";
		};
		9B46123619371EF200C157D1 /* InfoPlist.strings */ = {
			isa = PBXVariantGroup;
			children = (
				9B46123519371EF200C157D1 /* en */,
				9B46123719371F0200C157D1 /* zh-Hans */,
			);
			name = InfoPlist.strings;
			sourceTree = "<group>";
		};
/* End PBXVariantGroup section */

/* Begin XCBuildConfiguration section */
		9B4611C21936FF6D00C157D1 /* Debug */ = {
			isa = XCBuildConfiguration;
			buildSettings = {
				ALWAYS_SEARCH_USER_PATHS = NO;
				CLANG_CXX_LANGUAGE_STANDARD = "gnu++0x";
				CLANG_CXX_LIBRARY = "libc++";
				CLANG_ENABLE_MODULES = YES;
				CLANG_ENABLE_OBJC_ARC = YES;
				CLANG_WARN_BOOL_CONVERSION = YES;
				CLANG_WARN_CONSTANT_CONVERSION = YES;
				CLANG_WARN_DIRECT_OBJC_ISA_USAGE = YES_ERROR;
				CLANG_WARN_EMPTY_BODY = YES;
				CLANG_WARN_ENUM_CONVERSION = YES;
				CLANG_WARN_INT_CONVERSION = YES;
				CLANG_WARN_OBJC_ROOT_CLASS = YES_ERROR;
				CLANG_WARN__DUPLICATE_METHOD_MATCH = YES;
				"CODE_SIGN_IDENTITY[sdk=iphoneos*]" = "iPhone Developer";
				COPY_PHASE_STRIP = NO;
				GCC_C_LANGUAGE_STANDARD = gnu99;
				GCC_DYNAMIC_NO_PIC = NO;
				GCC_OPTIMIZATION_LEVEL = 0;
				GCC_PREPROCESSOR_DEFINITIONS = (
					"DEBUG=1",
					"$(inherited)",
				);
				GCC_SYMBOLS_PRIVATE_EXTERN = NO;
				GCC_WARN_64_TO_32_BIT_CONVERSION = YES;
				GCC_WARN_ABOUT_RETURN_TYPE = YES_ERROR;
				GCC_WARN_UNDECLARED_SELECTOR = YES;
				GCC_WARN_UNINITIALIZED_AUTOS = YES_AGGRESSIVE;
				GCC_WARN_UNUSED_FUNCTION = YES;
				GCC_WARN_UNUSED_VARIABLE = YES;
				IPHONEOS_DEPLOYMENT_TARGET = 6.0;
				ONLY_ACTIVE_ARCH = YES;
				SDKROOT = iphoneos;
			};
			name = Debug;
		};
		9B4611C31936FF6D00C157D1 /* Release */ = {
			isa = XCBuildConfiguration;
			buildSettings = {
				ALWAYS_SEARCH_USER_PATHS = NO;
				CLANG_CXX_LANGUAGE_STANDARD = "gnu++0x";
				CLANG_CXX_LIBRARY = "libc++";
				CLANG_ENABLE_MODULES = YES;
				CLANG_ENABLE_OBJC_ARC = YES;
				CLANG_WARN_BOOL_CONVERSION = YES;
				CLANG_WARN_CONSTANT_CONVERSION = YES;
				CLANG_WARN_DIRECT_OBJC_ISA_USAGE = YES_ERROR;
				CLANG_WARN_EMPTY_BODY = YES;
				CLANG_WARN_ENUM_CONVERSION = YES;
				CLANG_WARN_INT_CONVERSION = YES;
				CLANG_WARN_OBJC_ROOT_CLASS = YES_ERROR;
				CLANG_WARN__DUPLICATE_METHOD_MATCH = YES;
				"CODE_SIGN_IDENTITY[sdk=iphoneos*]" = "iPhone Developer";
				COPY_PHASE_STRIP = YES;
				ENABLE_NS_ASSERTIONS = NO;
				GCC_C_LANGUAGE_STANDARD = gnu99;
				GCC_WARN_64_TO_32_BIT_CONVERSION = YES;
				GCC_WARN_ABOUT_RETURN_TYPE = YES_ERROR;
				GCC_WARN_UNDECLARED_SELECTOR = YES;
				GCC_WARN_UNINITIALIZED_AUTOS = YES_AGGRESSIVE;
				GCC_WARN_UNUSED_FUNCTION = YES;
				GCC_WARN_UNUSED_VARIABLE = YES;
				IPHONEOS_DEPLOYMENT_TARGET = 6.0;
				SDKROOT = iphoneos;
				VALIDATE_PRODUCT = YES;
			};
			name = Release;
		};
		9B4611C51936FF6D00C157D1 /* Debug */ = {
			isa = XCBuildConfiguration;
			buildSettings = {
				ASSETCATALOG_COMPILER_APPICON_NAME = AppIcon;
				ASSETCATALOG_COMPILER_LAUNCHIMAGE_NAME = LaunchImage;
				CODE_SIGN_IDENTITY = "iPhone Developer: zheng yisheng (F286NP9S62)";
				GCC_PRECOMPILE_PREFIX_HEADER = YES;
				GCC_PREFIX_HEADER = "WorldCup/WorldCup-Prefix.pch";
				INFOPLIST_FILE = "WorldCup/WorldCup-Info.plist";
				LIBRARY_SEARCH_PATHS = (
					"$(inherited)",
					"$(PROJECT_DIR)/WorldCup/UMeng",
				);
				ONLY_ACTIVE_ARCH = NO;
				OTHER_LDFLAGS = "-lz";
				PRODUCT_NAME = "$(TARGET_NAME)";
				PROVISIONING_PROFILE = "100ED1FF-C324-458F-80D9-68DB1A81E35F";
				VALID_ARCHS = armv7;
				WRAPPER_EXTENSION = app;
			};
			name = Debug;
		};
		9B4611C61936FF6D00C157D1 /* Release */ = {
			isa = XCBuildConfiguration;
			buildSettings = {
				ASSETCATALOG_COMPILER_APPICON_NAME = AppIcon;
				ASSETCATALOG_COMPILER_LAUNCHIMAGE_NAME = LaunchImage;
				CODE_SIGN_IDENTITY = "iPhone Developer: zheng yisheng (F286NP9S62)";
				GCC_PRECOMPILE_PREFIX_HEADER = YES;
				GCC_PREFIX_HEADER = "WorldCup/WorldCup-Prefix.pch";
				INFOPLIST_FILE = "WorldCup/WorldCup-Info.plist";
				LIBRARY_SEARCH_PATHS = (
					"$(inherited)",
					"$(PROJECT_DIR)/WorldCup/UMeng",
				);
				ONLY_ACTIVE_ARCH = NO;
				OTHER_LDFLAGS = "-lz";
				PRODUCT_NAME = "$(TARGET_NAME)";
				PROVISIONING_PROFILE = "100ED1FF-C324-458F-80D9-68DB1A81E35F";
				VALID_ARCHS = armv7;
				WRAPPER_EXTENSION = app;
			};
			name = Release;
		};
		9B4611C81936FF6D00C157D1 /* Debug */ = {
			isa = XCBuildConfiguration;
			buildSettings = {
				BUNDLE_LOADER = "$(BUILT_PRODUCTS_DIR)/WorldCup.app/WorldCup";
				FRAMEWORK_SEARCH_PATHS = (
					"$(SDKROOT)/Developer/Library/Frameworks",
					"$(inherited)",
					"$(DEVELOPER_FRAMEWORKS_DIR)",
				);
				GCC_PRECOMPILE_PREFIX_HEADER = YES;
				GCC_PREFIX_HEADER = "WorldCup/WorldCup-Prefix.pch";
				GCC_PREPROCESSOR_DEFINITIONS = (
					"DEBUG=1",
					"$(inherited)",
				);
				INFOPLIST_FILE = "WorldCupTests/WorldCupTests-Info.plist";
				PRODUCT_NAME = "$(TARGET_NAME)";
				TEST_HOST = "$(BUNDLE_LOADER)";
				WRAPPER_EXTENSION = xctest;
			};
			name = Debug;
		};
		9B4611C91936FF6D00C157D1 /* Release */ = {
			isa = XCBuildConfiguration;
			buildSettings = {
				BUNDLE_LOADER = "$(BUILT_PRODUCTS_DIR)/WorldCup.app/WorldCup";
				FRAMEWORK_SEARCH_PATHS = (
					"$(SDKROOT)/Developer/Library/Frameworks",
					"$(inherited)",
					"$(DEVELOPER_FRAMEWORKS_DIR)",
				);
				GCC_PRECOMPILE_PREFIX_HEADER = YES;
				GCC_PREFIX_HEADER = "WorldCup/WorldCup-Prefix.pch";
				INFOPLIST_FILE = "WorldCupTests/WorldCupTests-Info.plist";
				PRODUCT_NAME = "$(TARGET_NAME)";
				TEST_HOST = "$(BUNDLE_LOADER)";
				WRAPPER_EXTENSION = xctest;
			};
			name = Release;
		};
/* End XCBuildConfiguration section */

/* Begin XCConfigurationList section */
		9B46118D1936FF6D00C157D1 /* Build configuration list for PBXProject "WorldCup" */ = {
			isa = XCConfigurationList;
			buildConfigurations = (
				9B4611C21936FF6D00C157D1 /* Debug */,
				9B4611C31936FF6D00C157D1 /* Release */,
			);
			defaultConfigurationIsVisible = 0;
			defaultConfigurationName = Release;
		};
		9B4611C41936FF6D00C157D1 /* Build configuration list for PBXNativeTarget "WorldCup" */ = {
			isa = XCConfigurationList;
			buildConfigurations = (
				9B4611C51936FF6D00C157D1 /* Debug */,
				9B4611C61936FF6D00C157D1 /* Release */,
			);
			defaultConfigurationIsVisible = 0;
			defaultConfigurationName = Release;
		};
		9B4611C71936FF6D00C157D1 /* Build configuration list for PBXNativeTarget "WorldCupTests" */ = {
			isa = XCConfigurationList;
			buildConfigurations = (
				9B4611C81936FF6D00C157D1 /* Debug */,
				9B4611C91936FF6D00C157D1 /* Release */,
			);
			defaultConfigurationIsVisible = 0;
			defaultConfigurationName = Release;
		};
/* End XCConfigurationList section */
	};
	rootObject = 9B46118A1936FF6D00C157D1 /* Project object */;
}
